
Microsoft Visual Studio Solution File, Format Version 12.00
# Visual Studio 15
VisualStudioVersion = 15.0.28307.271
MinimumVisualStudioVersion = 10.0.40219.1
Project("{FAE04EC0-301F-11D3-BF4B-00C04F79EFBC}") = "VideoRentalNew", "VideoRentalNew\VideoRentalNew.csproj", "{8DA97D37-8961-40D7-A789-7D8ED0D3018D}"
EndProject
Global
	GlobalSection(SolutionConfigurationPlatforms) = preSolution
		Debug|Any CPU = Debug|Any CPU
		Release|Any CPU = Release|Any CPU
	EndGlobalSection
	GlobalSection(ProjectConfigurationPlatforms) = postSolution
		{8DA97D37-8961-40D7-A789-7D8ED0D3018D}.Debug|Any CPU.ActiveCfg = Debug|Any CPU
		{8DA97D37-8961-40D7-A789-7D8ED0D3018D}.Debug|Any CPU.Build.0 = Debug|Any CPU
		{8DA97D37-8961-40D7-A789-7D8ED0D3018D}.Release|Any CPU.ActiveCfg = Release|Any CPU
		{8DA97D37-8961-40D7-A789-7D8ED0D3018D}.Release|Any CPU.Build.0 = Release|Any CPU
	EndGlobalSection
	GlobalSection(SolutionProperties) = preSolution
		HideSolutionNode = FALSE
	EndGlobalSection
	GlobalSection(ExtensibilityGlobals) = postSolution
		SolutionGuid = {76683C8C-9111-4281-AF1A-9F93F95FC3AA}
	EndGlobalSection
EndGlobal
